{
  "version": "1.0.0",
  "lockfileVersion": 1,
  "requires": true,
  "dependencies": {
    "amfe-flexible": {
      "version": "2.2.1",
      "resolved": "http://registry.npm.taobao.org/amfe-flexible/download/amfe-flexible-2.2.1.tgz",
      "integrity": "sha1-NT8AKJ5NOMqIoh6zhUQgMIrwtVk="
    },
    "backbone": {
      "version": "1.3.3",
      "resolved": "http://registry.npm.taobao.org/backbone/download/backbone-1.3.3.tgz",
      "integrity": "sha1-TMgOp8sWMaxHSInOQPL4vGg7KZk=",
      "requires": {
        "underscore": "1.8.3"
      }
    },
    "jquery": {
      "version": "3.2.1",
      "resolved": "http://registry.npm.taobao.org/jquery/download/jquery-3.2.1.tgz",
      "integrity": "sha1-XE2d5lKvbNCncBVKYxu6ErAVx4c="
    },
    "lazyload": {
      "version": "1.8.4",
      "resolved": "http://registry.npm.taobao.org/lazyload/download/lazyload-1.8.4.tgz",
      "integrity": "sha1-zNCy4dV25VMmhm//B9j9yKhdMPc=",
      "requires": {
        "jquery": "1.12.4"
      },
      "dependencies": {
        "jquery": {
          "version": "1.12.4",
          "resolved": "http://registry.npm.taobao.org/jquery/download/jquery-1.12.4.tgz",
          "integrity": "sha1-AeHfuikP5z3rp3zurLD5ui/sngw="
        }
      }
    },
    "require-css": {
      "version": "0.1.10",
      "resolved": "http://registry.npm.taobao.org/require-css/download/require-css-0.1.10.tgz",
      "integrity": "sha1-8duMbPsq0qOnQJFmzGz5mw0/RQI="
    },
    "requirejs": {
      "version": "2.3.5",
      "resolved": "http://registry.npm.taobao.org/requirejs/download/requirejs-2.3.5.tgz",
      "integrity": "sha1-YXuay7yzNlQO9JFNeQMjqNS4YbA="
    },
    "underscore": {
      "version": "1.8.3",
      "resolved": "http://registry.npm.taobao.org/underscore/download/underscore-1.8.3.tgz",
      "integrity": "sha1-Tz+1OxBuYJf8+ctBCfKl6b36UCI="
    },
    "zepto": {
      "version": "1.2.0",
      "resolved": "http://registry.npm.taobao.org/zepto/download/zepto-1.2.0.tgz",
      "integrity": "sha1-4Se9nmb9hGvl6rSME5SIL3wOT5g="
    }
  }
}
